
Microsoft Visual Studio Solution File, Format Version 12.00
# Visual Studio Version 17
VisualStudioVersion = 17.12.35514.174 d17.12
MinimumVisualStudioVersion = 10.0.40219.1
Project("{FAE04EC0-301F-11D3-BF4B-00C04F79EFBC}") = "OtelZone.WebUI", "OtelZone.WebUI\OtelZone.WebUI.csproj", "{71BD903B-EAB6-4B2C-A1F3-6AF208393068}"
EndProject
Project("{FAE04EC0-301F-11D3-BF4B-00C04F79EFBC}") = "OtelZone.Entity", "OtelZone.Entity\OtelZone.Entity.csproj", "{FCCFB8E9-FFA8-4BFB-AEAD-B1EBF0226D9E}"
EndProject
Project("{FAE04EC0-301F-11D3-BF4B-00C04F79EFBC}") = "OtelZone.DataAccess", "OtelZone.DataAccess\OtelZone.DataAccess.csproj", "{3A1FA240-477A-4AEE-9B7C-5337273CE72C}"
EndProject
Project("{FAE04EC0-301F-11D3-BF4B-00C04F79EFBC}") = "OtelZone.Business", "OtelZone.Business\OtelZone.Business.csproj", "{D1E59339-0843-4F4C-8F9A-DB681A17247C}"
EndProject
Global
	GlobalSection(SolutionConfigurationPlatforms) = preSolution
		Debug|Any CPU = Debug|Any CPU
		Release|Any CPU = Release|Any CPU
	EndGlobalSection
	GlobalSection(ProjectConfigurationPlatforms) = postSolution
		{71BD903B-EAB6-4B2C-A1F3-6AF208393068}.Debug|Any CPU.ActiveCfg = Debug|Any CPU
		{71BD903B-EAB6-4B2C-A1F3-6AF208393068}.Debug|Any CPU.Build.0 = Debug|Any CPU
		{71BD903B-EAB6-4B2C-A1F3-6AF208393068}.Release|Any CPU.ActiveCfg = Release|Any CPU
		{71BD903B-EAB6-4B2C-A1F3-6AF208393068}.Release|Any CPU.Build.0 = Release|Any CPU
		{FCCFB8E9-FFA8-4BFB-AEAD-B1EBF0226D9E}.Debug|Any CPU.ActiveCfg = Debug|Any CPU
		{FCCFB8E9-FFA8-4BFB-AEAD-B1EBF0226D9E}.Debug|Any CPU.Build.0 = Debug|Any CPU
		{FCCFB8E9-FFA8-4BFB-AEAD-B1EBF0226D9E}.Release|Any CPU.ActiveCfg = Release|Any CPU
		{FCCFB8E9-FFA8-4BFB-AEAD-B1EBF0226D9E}.Release|Any CPU.Build.0 = Release|Any CPU
		{3A1FA240-477A-4AEE-9B7C-5337273CE72C}.Debug|Any CPU.ActiveCfg = Debug|Any CPU
		{3A1FA240-477A-4AEE-9B7C-5337273CE72C}.Debug|Any CPU.Build.0 = Debug|Any CPU
		{3A1FA240-477A-4AEE-9B7C-5337273CE72C}.Release|Any CPU.ActiveCfg = Release|Any CPU
		{3A1FA240-477A-4AEE-9B7C-5337273CE72C}.Release|Any CPU.Build.0 = Release|Any CPU
		{D1E59339-0843-4F4C-8F9A-DB681A17247C}.Debug|Any CPU.ActiveCfg = Debug|Any CPU
		{D1E59339-0843-4F4C-8F9A-DB681A17247C}.Debug|Any CPU.Build.0 = Debug|Any CPU
		{D1E59339-0843-4F4C-8F9A-DB681A17247C}.Release|Any CPU.ActiveCfg = Release|Any CPU
		{D1E59339-0843-4F4C-8F9A-DB681A17247C}.Release|Any CPU.Build.0 = Release|Any CPU
	EndGlobalSection
	GlobalSection(SolutionProperties) = preSolution
		HideSolutionNode = FALSE
	EndGlobalSection
EndGlobal
